
Microsoft Visual Studio Solution File, Format Version 12.00
# Visual Studio 15
VisualStudioVersion = 15.0.28307.136
MinimumVisualStudioVersion = 10.0.40219.1
Project("{FAE04EC0-301F-11D3-BF4B-00C04F79EFBC}") = "FloodSpiller.Tests", "FloodSpiller.Tests\FloodSpiller.Tests.csproj", "{A8A9DDDC-1697-436A-9309-8228E9AC0932}"
EndProject
Project("{FAE04EC0-301F-11D3-BF4B-00C04F79EFBC}") = "FloodSpiller.Benchmarks", "FloodSpiller.Benchmarks\FloodSpiller.Benchmarks.csproj", "{7A7032A4-A334-4DEF-8876-024057759F13}"
EndProject
Project("{9A19103F-16F7-4668-BE54-9A1E7A4F7556}") = "FloodSpiller", "FloodSpiller\FloodSpiller.csproj", "{E4122BA0-6382-4D40-86C8-66B1C85424B7}"
EndProject
Global
	GlobalSection(SolutionConfigurationPlatforms) = preSolution
		Debug|Any CPU = Debug|Any CPU
		Release|Any CPU = Release|Any CPU
	EndGlobalSection
	GlobalSection(ProjectConfigurationPlatforms) = postSolution
		{A8A9DDDC-1697-436A-9309-8228E9AC0932}.Debug|Any CPU.ActiveCfg = Debug|Any CPU
		{A8A9DDDC-1697-436A-9309-8228E9AC0932}.Debug|Any CPU.Build.0 = Debug|Any CPU
		{A8A9DDDC-1697-436A-9309-8228E9AC0932}.Release|Any CPU.ActiveCfg = Release|Any CPU
		{A8A9DDDC-1697-436A-9309-8228E9AC0932}.Release|Any CPU.Build.0 = Release|Any CPU
		{7A7032A4-A334-4DEF-8876-024057759F13}.Debug|Any CPU.ActiveCfg = Debug|Any CPU
		{7A7032A4-A334-4DEF-8876-024057759F13}.Debug|Any CPU.Build.0 = Debug|Any CPU
		{7A7032A4-A334-4DEF-8876-024057759F13}.Release|Any CPU.ActiveCfg = Release|Any CPU
		{7A7032A4-A334-4DEF-8876-024057759F13}.Release|Any CPU.Build.0 = Release|Any CPU
		{E4122BA0-6382-4D40-86C8-66B1C85424B7}.Debug|Any CPU.ActiveCfg = Debug|Any CPU
		{E4122BA0-6382-4D40-86C8-66B1C85424B7}.Debug|Any CPU.Build.0 = Debug|Any CPU
		{E4122BA0-6382-4D40-86C8-66B1C85424B7}.Release|Any CPU.ActiveCfg = Release|Any CPU
		{E4122BA0-6382-4D40-86C8-66B1C85424B7}.Release|Any CPU.Build.0 = Release|Any CPU
	EndGlobalSection
	GlobalSection(SolutionProperties) = preSolution
		HideSolutionNode = FALSE
	EndGlobalSection
	GlobalSection(ExtensibilityGlobals) = postSolution
		SolutionGuid = {A9261FDB-91AA-4376-A30F-B3DCD5A8B59A}
	EndGlobalSection
EndGlobal
